
Microsoft Visual Studio Solution File, Format Version 12.00
# Visual Studio Version 17
VisualStudioVersion = 17.9.34607.119
MinimumVisualStudioVersion = 10.0.40219.1
Project("{9A19103F-16F7-4668-BE54-9A1E7A4F7556}") = "Progra2", "Progra2\Progra2.csproj", "{128907F3-9BB3-4B9D-9C71-C65F9AFA52CE}"
EndProject
Project("{2150E333-8FDC-42A3-9474-1A3956D46DE8}") = "Solution Items", "Solution Items", "{B5C27AFF-555F-4137-8DB7-8CD90BD84418}"
	ProjectSection(SolutionItems) = preProject
		.editorconfig = .editorconfig
	EndProjectSection
EndProject
Project("{FAE04EC0-301F-11D3-BF4B-00C04F79EFBC}") = "Operaciones con tipos de datos", "Operaciones con tipos de datos\Operaciones con tipos de datos.csproj", "{4100EE9B-12A1-4DBC-A7B7-19332FC45E1D}"
EndProject
Global
	GlobalSection(SolutionConfigurationPlatforms) = preSolution
		Debug|Any CPU = Debug|Any CPU
		Release|Any CPU = Release|Any CPU
	EndGlobalSection
	GlobalSection(ProjectConfigurationPlatforms) = postSolution
		{128907F3-9BB3-4B9D-9C71-C65F9AFA52CE}.Debug|Any CPU.ActiveCfg = Debug|Any CPU
		{128907F3-9BB3-4B9D-9C71-C65F9AFA52CE}.Debug|Any CPU.Build.0 = Debug|Any CPU
		{128907F3-9BB3-4B9D-9C71-C65F9AFA52CE}.Release|Any CPU.ActiveCfg = Release|Any CPU
		{128907F3-9BB3-4B9D-9C71-C65F9AFA52CE}.Release|Any CPU.Build.0 = Release|Any CPU
		{4100EE9B-12A1-4DBC-A7B7-19332FC45E1D}.Debug|Any CPU.ActiveCfg = Debug|Any CPU
		{4100EE9B-12A1-4DBC-A7B7-19332FC45E1D}.Debug|Any CPU.Build.0 = Debug|Any CPU
		{4100EE9B-12A1-4DBC-A7B7-19332FC45E1D}.Release|Any CPU.ActiveCfg = Release|Any CPU
		{4100EE9B-12A1-4DBC-A7B7-19332FC45E1D}.Release|Any CPU.Build.0 = Release|Any CPU
	EndGlobalSection
	GlobalSection(SolutionProperties) = preSolution
		HideSolutionNode = FALSE
	EndGlobalSection
	GlobalSection(ExtensibilityGlobals) = postSolution
		SolutionGuid = {B99283E9-B45F-4B45-B950-7B96217FCDCF}
	EndGlobalSection
EndGlobal
